
Microsoft Visual Studio Solution File, Format Version 12.00
Project("{FAE04EC0-301F-11D3-BF4B-00C04F79EFBC}") = "HotelBooking", "HotelBooking\HotelBooking.csproj", "{3436D7D3-BB82-49E8-A66A-9DE1CAC2F66F}"
EndProject
Global
	GlobalSection(SolutionConfigurationPlatforms) = preSolution
		Debug|Any CPU = Debug|Any CPU
		Release|Any CPU = Release|Any CPU
	EndGlobalSection
	GlobalSection(ProjectConfigurationPlatforms) = postSolution
		{3436D7D3-BB82-49E8-A66A-9DE1CAC2F66F}.Debug|Any CPU.ActiveCfg = Debug|Any CPU
		{3436D7D3-BB82-49E8-A66A-9DE1CAC2F66F}.Debug|Any CPU.Build.0 = Debug|Any CPU
		{3436D7D3-BB82-49E8-A66A-9DE1CAC2F66F}.Release|Any CPU.ActiveCfg = Release|Any CPU
		{3436D7D3-BB82-49E8-A66A-9DE1CAC2F66F}.Release|Any CPU.Build.0 = Release|Any CPU
	EndGlobalSection
EndGlobal
